PODS:
  - Alamofire (4.2.0)
  - PromiseKit (4.1.3):
    - PromiseKit/Foundation (= 4.1.3)
    - PromiseKit/QuartzCore (= 4.1.3)
    - PromiseKit/UIKit (= 4.1.3)
  - PromiseKit/CorePromise (4.1.3)
  - PromiseKit/Foundation (4.1.3):
    - PromiseKit/CorePromise
  - PromiseKit/QuartzCore (4.1.3):
    - PromiseKit/CorePromise
  - PromiseKit/UIKit (4.1.3):
    - PromiseKit/CorePromise

DEPENDENCIES:
  - Alamofire
  - PromiseKit (~> 4.0)

SPEC CHECKSUMS:
  Alamofire: aa2e09d871c9160ac53c90e83c68064a94e3dfbe
  PromiseKit: 56baec63efa89210c023260879435a5a6b3bff00

PODFILE CHECKSUM: 158bfa71223ae889b15f109d17db351e0676b485

COCOAPODS: 1.2.0.beta.1
